
Microsoft Visual Studio Solution File, Format Version 12.00
# Visual Studio Version 16
VisualStudioVersion = 16.0.31112.23
MinimumVisualStudioVersion = 10.0.40219.1
Project("{9A19103F-16F7-4668-BE54-9A1E7A4F7556}") = "MobilesShop.Web", "MobilesShop.Web\MobilesShop.Web.csproj", "{CE288C8B-D8E1-42E9-9FC0-10E9A4AEA5EB}"
EndProject
Project("{FAE04EC0-301F-11D3-BF4B-00C04F79EFBC}") = "MobilesShop.Data", "MobilesShop.Data\MobilesShop.Data.csproj", "{CCB5643B-51F5-44ED-9AFB-BB37A4B97BC6}"
EndProject
Global
	GlobalSection(SolutionConfigurationPlatforms) = preSolution
		Debug|Any CPU = Debug|Any CPU
		Release|Any CPU = Release|Any CPU
	EndGlobalSection
	GlobalSection(ProjectConfigurationPlatforms) = postSolution
		{CE288C8B-D8E1-42E9-9FC0-10E9A4AEA5EB}.Debug|Any CPU.ActiveCfg = Debug|Any CPU
		{CE288C8B-D8E1-42E9-9FC0-10E9A4AEA5EB}.Debug|Any CPU.Build.0 = Debug|Any CPU
		{CE288C8B-D8E1-42E9-9FC0-10E9A4AEA5EB}.Release|Any CPU.ActiveCfg = Release|Any CPU
		{CE288C8B-D8E1-42E9-9FC0-10E9A4AEA5EB}.Release|Any CPU.Build.0 = Release|Any CPU
		{CCB5643B-51F5-44ED-9AFB-BB37A4B97BC6}.Debug|Any CPU.ActiveCfg = Debug|Any CPU
		{CCB5643B-51F5-44ED-9AFB-BB37A4B97BC6}.Debug|Any CPU.Build.0 = Debug|Any CPU
		{CCB5643B-51F5-44ED-9AFB-BB37A4B97BC6}.Release|Any CPU.ActiveCfg = Release|Any CPU
		{CCB5643B-51F5-44ED-9AFB-BB37A4B97BC6}.Release|Any CPU.Build.0 = Release|Any CPU
	EndGlobalSection
	GlobalSection(SolutionProperties) = preSolution
		HideSolutionNode = FALSE
	EndGlobalSection
	GlobalSection(ExtensibilityGlobals) = postSolution
		SolutionGuid = {F92A0904-F05E-4AC7-A39A-73A0150B4EF9}
	EndGlobalSection
EndGlobal
